// !$*UTF8*$!
{
	archiveVersion = 1;
	classes = {
	};
	objectVersion = 46;
	objects = {

/* Begin PBXBuildFile section */
		0E11BD9C02C1F7A42A2148F2 /* Accelerate.framework */ = {isa = PBXBuildFile; fileRef = BEEEA62E79B4A63AE8DB3DC9; };
		1316D432D110D37286586000 /* Carbon.framework */ = {isa = PBXBuildFile; fileRef = 3BD80E02D614828B093AD898; };
		15EC0E12B91A779E2C0402B7 /* include_juce_graphics.mm */ = {isa = PBXBuildFile; fileRef = 1608B7EB6C3DFD5FB74E373A; };
		17DEBB160A49C1017F1B574C /* MainContainer.cpp */ = {isa = PBXBuildFile; fileRef = F7027F940A3544491C65B8DC; };
		1F8E1B2FEEE23B7A88054983 /* App */ = {isa = PBXBuildFile; fileRef = 6E1DCEAE58007F7606B1018B; };
		2716690BE30DEA81C85341F9 /* AudioToolbox.framework */ = {isa = PBXBuildFile; fileRef = DC766FEA3A064237435F7EEC; };
		2F8CD24DEA0F9C97D0887C2B /* include_juce_gui_basics.mm */ = {isa = PBXBuildFile; fileRef = 1D2BBD48CA1290A6F9C92611; };
		30EF6896F9029E1AE90A3F13 /* WebKit.framework */ = {isa = PBXBuildFile; fileRef = 1E96B23227ACC596637A27A5; };
		3A98C89527C8DD479822B948 /* include_juce_audio_basics.mm */ = {isa = PBXBuildFile; fileRef = 409550BCFD1220CDD8CFA5E7; };
		50DDFD326918EB265F061604 /* RecentFilesMenuTemplate.nib */ = {isa = PBXBuildFile; fileRef = 072FE587E2186CCD50DDCC6A; };
		5CBF206F1A112B90CA155AD9 /* include_juce_audio_formats.mm */ = {isa = PBXBuildFile; fileRef = AAED15A794E4A8E0FAD36BF3; };
		60A66D252BE68CCBBEB88D4B /* CoreMIDI.framework */ = {isa = PBXBuildFile; fileRef = C358AE21FEDF8DBC63919EC0; };
		6DF56E4235AFDA6B47F1F05D /* CoreAudioKit.framework */ = {isa = PBXBuildFile; fileRef = 2775F1647C849EDAFE1DF398; };
		71E2019C2E2E0F7298EA7A45 /* AnalyserComponent.cpp */ = {isa = PBXBuildFile; fileRef = 03640FCFD4B9B304111B6B4D; };
		89FB67B08020419B20DB59F6 /* Main.cpp */ = {isa = PBXBuildFile; fileRef = 246853B4E7B9ACFE2710FF8F; };
		8A20696DD67A336E083A2D8F /* include_juce_gui_extra.mm */ = {isa = PBXBuildFile; fileRef = E9CE2348B6E18B844FE31E31; };
		8F5DD3F231696949A24D304B /* QuartzCore.framework */ = {isa = PBXBuildFile; fileRef = EEB1ECC4F96CEB233ACFBD34; };
		9398183407AC7C65E42C42A4 /* DiscRecording.framework */ = {isa = PBXBuildFile; fileRef = FF79C01CD523A17FD4F09830; };
		9BAE2A7AB23488A6E6B88A35 /* Foundation.framework */ = {isa = PBXBuildFile; fileRef = DFD677C42FF170F1BFDE9742; };
		AE3BEF87E24D724C84A710EC /* include_juce_audio_processors.mm */ = {isa = PBXBuildFile; fileRef = 2E335A42494601AE776C8CC9; };
		AE4DE0FC2AC114177556945C /* include_juce_events.mm */ = {isa = PBXBuildFile; fileRef = 68758D7A89B55E149088BF69; };
		BB1666261F0E1F7A86C4E92A /* include_juce_dsp.mm */ = {isa = PBXBuildFile; fileRef = 0C1B113E5AAD33F5401105F2; };
		C029C180E620C0CCEC28A752 /* BinaryData.cpp */ = {isa = PBXBuildFile; fileRef = 9E7A0A5C741A77FB74233F5D; };
		D3C761F7C047A5543631305A /* include_juce_data_structures.mm */ = {isa = PBXBuildFile; fileRef = F76D9B12E147B13C00A069E8; };
		D47A2843476773D975FD5B8C /* include_juce_audio_utils.mm */ = {isa = PBXBuildFile; fileRef = 651973017D685AE0EFB45B27; };
		DD8801427EC56C598BD39380 /* HomePageComponent.cpp */ = {isa = PBXBuildFile; fileRef = 382140C3D870506F2ACDD5A2; };
		EC91C2529643C4336A25821E /* include_juce_core.mm */ = {isa = PBXBuildFile; fileRef = 5216D794874AC84189033AB0; };
		EEFA27F143BB103D8FDB2B55 /* SettingsComponent.cpp */ = {isa = PBXBuildFile; fileRef = 5B09E1D51A57C28E79D57847; };
		F0FA4F56F8BEFB31C7062E5E /* CoreAudio.framework */ = {isa = PBXBuildFile; fileRef = D5418C414143D1605F91864C; };
		F1EEAE7E0D6586DC262AE224 /* IOKit.framework */ = {isa = PBXBuildFile; fileRef = 7D67CABD3DF1BD0E7EA3D5A5; };
		F6020A6835D98FEBF39CACBF /* Cocoa.framework */ = {isa = PBXBuildFile; fileRef = CBA5CD95CEEE072C4DCEA7DA; };
		FE0178DB474D2EFEF97C327D /* include_juce_audio_devices.mm */ = {isa = PBXBuildFile; fileRef = 079A581F9FBAA12B7E2B54E1; };
/* End PBXBuildFile section */

/* Begin PBXFileReference section */
		03640FCFD4B9B304111B6B4D /* AnalyserComponent.cpp */ /* AnalyserComponent.cpp */ = {isa = PBXFileReference; lastKnownFileType = sourcecode.cpp.cpp; name = AnalyserComponent.cpp; path = ../../Source/AnalyserComponent.cpp; sourceTree = SOURCE_ROOT; };
		072FE587E2186CCD50DDCC6A /* RecentFilesMenuTemplate.nib */ /* RecentFilesMenuTemplate.nib */ = {isa = PBXFileReference; lastKnownFileType = file.nib; name = RecentFilesMenuTemplate.nib; path = RecentFilesMenuTemplate.nib; sourceTree = SOURCE_ROOT; };
		079A581F9FBAA12B7E2B54E1 /* include_juce_audio_devices.mm */ /* include_juce_audio_devices.mm */ = {isa = PBXFileReference; lastKnownFileType = sourcecode.cpp.objcpp; name = include_juce_audio_devices.mm; path = ../../JuceLibraryCode/include_juce_audio_devices.mm; sourceTree = SOURCE_ROOT; };
		0C1B113E5AAD33F5401105F2 /* include_juce_dsp.mm */ /* include_juce_dsp.mm */ = {isa = PBXFileReference; lastKnownFileType = sourcecode.cpp.objcpp; name = include_juce_dsp.mm; path = ../../JuceLibraryCode/include_juce_dsp.mm; sourceTree = SOURCE_ROOT; };
		0E3180EBC7ED0CE3BB5BDDF6 /* juce_audio_processors */ /* juce_audio_processors */ = {isa = PBXFileReference; lastKnownFileType = folder; name = juce_audio_processors; path = /Users/user/Documents/JUCE/modules/juce_audio_processors; sourceTree = "<absolute>"; };
		1608B7EB6C3DFD5FB74E373A /* include_juce_graphics.mm */ /* include_juce_graphics.mm */ = {isa = PBXFileReference; lastKnownFileType = sourcecode.cpp.objcpp; name = include_juce_graphics.mm; path = ../../JuceLibraryCode/include_juce_graphics.mm; sourceTree = SOURCE_ROOT; };
		1D2BBD48CA1290A6F9C92611 /* include_juce_gui_basics.mm */ /* include_juce_gui_basics.mm */ = {isa = PBXFileReference; lastKnownFileType = sourcecode.cpp.objcpp; name = include_juce_gui_basics.mm; path = ../../JuceLibraryCode/include_juce_gui_basics.mm; sourceTree = SOURCE_ROOT; };
		1E96B23227ACC596637A27A5 /* WebKit.framework */ /* WebKit.framework */ = {isa = PBXFileReference; lastKnownFileType = wrapper.framework; name = WebKit.framework; path = System/Library/Frameworks/WebKit.framework; sourceTree = SDKROOT; };
		1FF018AE0A5601C3628D0EF3 /* HomePageComponent.h */ /* HomePageComponent.h */ = {isa = PBXFileReference; lastKnownFileType = sourcecode.c.h; name = HomePageComponent.h; path = ../../Source/HomePageComponent.h; sourceTree = SOURCE_ROOT; };
		246853B4E7B9ACFE2710FF8F /* Main.cpp */ /* Main.cpp */ = {isa = PBXFileReference; lastKnownFileType = sourcecode.cpp.cpp; name = Main.cpp; path = ../../Source/Main.cpp; sourceTree = SOURCE_ROOT; };
		2775F1647C849EDAFE1DF398 /* CoreAudioKit.framework */ /* CoreAudioKit.framework */ = {isa = PBXFileReference; lastKnownFileType = wrapper.framework; name = CoreAudioKit.framework; path = System/Library/Frameworks/CoreAudioKit.framework; sourceTree = SDKROOT; };
		2E335A42494601AE776C8CC9 /* include_juce_audio_processors.mm */ /* include_juce_audio_processors.mm */ = {isa = PBXFileReference; lastKnownFileType = sourcecode.cpp.objcpp; name = include_juce_audio_processors.mm; path = ../../JuceLibraryCode/include_juce_audio_processors.mm; sourceTree = SOURCE_ROOT; };
		37226CE8C22DA5918111EC21 /* juce_audio_utils */ /* juce_audio_utils */ = {isa = PBXFileReference; lastKnownFileType = folder; name = juce_audio_utils; path = /Users/user/Documents/JUCE/modules/juce_audio_utils; sourceTree = "<absolute>"; };
		382140C3D870506F2ACDD5A2 /* HomePageComponent.cpp */ /* HomePageComponent.cpp */ = {isa = PBXFileReference; lastKnownFileType = sourcecode.cpp.cpp; name = HomePageComponent.cpp; path = ../../Source/HomePageComponent.cpp; sourceTree = SOURCE_ROOT; };
		3BD80E02D614828B093AD898 /* Carbon.framework */ /* Carbon.framework */ = {isa = PBXFileReference; lastKnownFileType = wrapper.framework; name = Carbon.framework; path = System/Library/Frameworks/Carbon.framework; sourceTree = SDKROOT; };
		409550BCFD1220CDD8CFA5E7 /* include_juce_audio_basics.mm */ /* include_juce_audio_basics.mm */ = {isa = PBXFileReference; lastKnownFileType = sourcecode.cpp.objcpp; name = include_juce_audio_basics.mm; path = ../../JuceLibraryCode/include_juce_audio_basics.mm; sourceTree = SOURCE_ROOT; };
		42C57B993EA3BE0E341C4CE3 /* Info-App.plist */ /* Info-App.plist */ = {isa = PBXFileReference; lastKnownFileType = text.plist.xml; name = "Info-App.plist"; path = "Info-App.plist"; sourceTree = SOURCE_ROOT; };
		5110DF9E6FC24B8FB1C24736 /* juce_audio_devices */ /* juce_audio_devices */ = {isa = PBXFileReference; lastKnownFileType = folder; name = juce_audio_devices; path = /Users/user/Documents/JUCE/modules/juce_audio_devices; sourceTree = "<absolute>"; };
		5216D794874AC84189033AB0 /* include_juce_core.mm */ /* include_juce_core.mm */ = {isa = PBXFileReference; lastKnownFileType = sourcecode.cpp.objcpp; name = include_juce_core.mm; path = ../../JuceLibraryCode/include_juce_core.mm; sourceTree = SOURCE_ROOT; };
		5B09E1D51A57C28E79D57847 /* SettingsComponent.cpp */ /* SettingsComponent.cpp */ = {isa = PBXFileReference; lastKnownFileType = sourcecode.cpp.cpp; name = SettingsComponent.cpp; path = ../../Source/SettingsComponent.cpp; sourceTree = SOURCE_ROOT; };
		5CE5559142C04B27F06234C7 /* juce_audio_basics */ /* juce_audio_basics */ = {isa = PBXFileReference; lastKnownFileType = folder; name = juce_audio_basics; path = /Users/user/Documents/JUCE/modules/juce_audio_basics; sourceTree = "<absolute>"; };
		5D9690DA8F7310D8F725F0A4 /* juce_data_structures */ /* juce_data_structures */ = {isa = PBXFileReference; lastKnownFileType = folder; name = juce_data_structures; path = /Users/user/Documents/JUCE/modules/juce_data_structures; sourceTree = "<absolute>"; };
		5DA908BA0685F35BD8249CCD /* juce_gui_basics */ /* juce_gui_basics */ = {isa = PBXFileReference; lastKnownFileType = folder; name = juce_gui_basics; path = /Users/user/Documents/JUCE/modules/juce_gui_basics; sourceTree = "<absolute>"; };
		651973017D685AE0EFB45B27 /* include_juce_audio_utils.mm */ /* include_juce_audio_utils.mm */ = {isa = PBXFileReference; lastKnownFileType = sourcecode.cpp.objcpp; name = include_juce_audio_utils.mm; path = ../../JuceLibraryCode/include_juce_audio_utils.mm; sourceTree = SOURCE_ROOT; };
		66BEDCB0EB3BEC01D6E5D2D3 /* juce_audio_formats */ /* juce_audio_formats */ = {isa = PBXFileReference; lastKnownFileType = folder; name = juce_audio_formats; path = /Users/user/Documents/JUCE/modules/juce_audio_formats; sourceTree = "<absolute>"; };
		67017112144FE1EEFAD3F3BF /* MainContainer.h */ /* MainContainer.h */ = {isa = PBXFileReference; lastKnownFileType = sourcecode.c.h; name = MainContainer.h; path = ../../Source/MainContainer.h; sourceTree = SOURCE_ROOT; };
		68758D7A89B55E149088BF69 /* include_juce_events.mm */ /* include_juce_events.mm */ = {isa = PBXFileReference; lastKnownFileType = sourcecode.cpp.objcpp; name = include_juce_events.mm; path = ../../JuceLibraryCode/include_juce_events.mm; sourceTree = SOURCE_ROOT; };
		6E1DCEAE58007F7606B1018B /* App */ = {isa = PBXFileReference; explicitFileType = wrapper.application; includeInIndex = 0; path = AudioVisualiser.app; sourceTree = BUILT_PRODUCTS_DIR; };
		7D67CABD3DF1BD0E7EA3D5A5 /* IOKit.framework */ /* IOKit.framework */ = {isa = PBXFileReference; lastKnownFileType = wrapper.framework; name = IOKit.framework; path = System/Library/Frameworks/IOKit.framework; sourceTree = SDKROOT; };
		8CEB6D2CEE7DBCD4AEA5BDA7 /* AnalyserComponent.h */ /* AnalyserComponent.h */ = {isa = PBXFileReference; lastKnownFileType = sourcecode.c.h; name = AnalyserComponent.h; path = ../../Source/AnalyserComponent.h; sourceTree = SOURCE_ROOT; };
		9E7A0A5C741A77FB74233F5D /* BinaryData.cpp */ /* BinaryData.cpp */ = {isa = PBXFileReference; lastKnownFileType = sourcecode.cpp.cpp; name = BinaryData.cpp; path = ../../JuceLibraryCode/BinaryData.cpp; sourceTree = SOURCE_ROOT; };
		A50170E142C314B6C63342D0 /* settings.png */ /* settings.png */ = {isa = PBXFileReference; lastKnownFileType = image.png; name = settings.png; path = ../../Assets/settings.png; sourceTree = SOURCE_ROOT; };
		AAED15A794E4A8E0FAD36BF3 /* include_juce_audio_formats.mm */ /* include_juce_audio_formats.mm */ = {isa = PBXFileReference; lastKnownFileType = sourcecode.cpp.objcpp; name = include_juce_audio_formats.mm; path = ../../JuceLibraryCode/include_juce_audio_formats.mm; sourceTree = SOURCE_ROOT; };
		B8EE7182D7751464A1A4459D /* juce_core */ /* juce_core */ = {isa = PBXFileReference; lastKnownFileType = folder; name = juce_core; path = /Users/user/Documents/JUCE/modules/juce_core; sourceTree = "<absolute>"; };
		BB489FE17F526863BFC51171 /* BinaryData.h */ /* BinaryData.h */ = {isa = PBXFileReference; lastKnownFileType = sourcecode.c.h; name = BinaryData.h; path = ../../JuceLibraryCode/BinaryData.h; sourceTree = SOURCE_ROOT; };
		BEEEA62E79B4A63AE8DB3DC9 /* Accelerate.framework */ /* Accelerate.framework */ = {isa = PBXFileReference; lastKnownFileType = wrapper.framework; name = Accelerate.framework; path = System/Library/Frameworks/Accelerate.framework; sourceTree = SDKROOT; };
		C0309FC106CEEC10A521725C /* JuceHeader.h */ /* JuceHeader.h */ = {isa = PBXFileReference; lastKnownFileType = sourcecode.c.h; name = JuceHeader.h; path = ../../JuceLibraryCode/JuceHeader.h; sourceTree = SOURCE_ROOT; };
		C358AE21FEDF8DBC63919EC0 /* CoreMIDI.framework */ /* CoreMIDI.framework */ = {isa = PBXFileReference; lastKnownFileType = wrapper.framework; name = CoreMIDI.framework; path = System/Library/Frameworks/CoreMIDI.framework; sourceTree = SDKROOT; };
		C7A0086E81393F761C0EB673 /* juce_dsp */ /* juce_dsp */ = {isa = PBXFileReference; lastKnownFileType = folder; name = juce_dsp; path = /Users/user/Documents/JUCE/modules/juce_dsp; sourceTree = "<absolute>"; };
		CBA5CD95CEEE072C4DCEA7DA /* Cocoa.framework */ /* Cocoa.framework */ = {isa = PBXFileReference; lastKnownFileType = wrapper.framework; name = Cocoa.framework; path = System/Library/Frameworks/Cocoa.framework; sourceTree = SDKROOT; };
		D5418C414143D1605F91864C /* CoreAudio.framework */ /* CoreAudio.framework */ = {isa = PBXFileReference; lastKnownFileType = wrapper.framework; name = CoreAudio.framework; path = System/Library/Frameworks/CoreAudio.framework; sourceTree = SDKROOT; };
		DAE12F56720FD06625E25A5C /* juce_gui_extra */ /* juce_gui_extra */ = {isa = PBXFileReference; lastKnownFileType = folder; name = juce_gui_extra; path = /Users/user/Documents/JUCE/modules/juce_gui_extra; sourceTree = "<absolute>"; };
		DC766FEA3A064237435F7EEC /* AudioToolbox.framework */ /* AudioToolbox.framework */ = {isa = PBXFileReference; lastKnownFileType = wrapper.framework; name = AudioToolbox.framework; path = System/Library/Frameworks/AudioToolbox.framework; sourceTree = SDKROOT; };
		DFD677C42FF170F1BFDE9742 /* Foundation.framework */ /* Foundation.framework */ = {isa = PBXFileReference; lastKnownFileType = wrapper.framework; name = Foundation.framework; path = System/Library/Frameworks/Foundation.framework; sourceTree = SDKROOT; };
		E3B4640E4FF703C16055D733 /* juce_events */ /* juce_events */ = {isa = PBXFileReference; lastKnownFileType = folder; name = juce_events; path = /Users/user/Documents/JUCE/modules/juce_events; sourceTree = "<absolute>"; };
		E9AE820A53B177492F97019E /* SettingsComponent.h */ /* SettingsComponent.h */ = {isa = PBXFileReference; lastKnownFileType = sourcecode.c.h; name = SettingsComponent.h; path = ../../Source/SettingsComponent.h; sourceTree = SOURCE_ROOT; };
		E9CE2348B6E18B844FE31E31 /* include_juce_gui_extra.mm */ /* include_juce_gui_extra.mm */ = {isa = PBXFileReference; lastKnownFileType = sourcecode.cpp.objcpp; name = include_juce_gui_extra.mm; path = ../../JuceLibraryCode/include_juce_gui_extra.mm; sourceTree = SOURCE_ROOT; };
		EEB1ECC4F96CEB233ACFBD34 /* QuartzCore.framework */ /* QuartzCore.framework */ = {isa = PBXFileReference; lastKnownFileType = wrapper.framework; name = QuartzCore.framework; path = System/Library/Frameworks/QuartzCore.framework; sourceTree = SDKROOT; };
		F30DE2C1D0DD705B6CC7E2CF /* home.png */ /* home.png */ = {isa = PBXFileReference; lastKnownFileType = image.png; name = home.png; path = ../../Assets/home.png; sourceTree = SOURCE_ROOT; };
		F7027F940A3544491C65B8DC /* MainContainer.cpp */ /* MainContainer.cpp */ = {isa = PBXFileReference; lastKnownFileType = sourcecode.cpp.cpp; name = MainContainer.cpp; path = ../../Source/MainContainer.cpp; sourceTree = SOURCE_ROOT; };
		F76D9B12E147B13C00A069E8 /* include_juce_data_structures.mm */ /* include_juce_data_structures.mm */ = {isa = PBXFileReference; lastKnownFileType = sourcecode.cpp.objcpp; name = include_juce_data_structures.mm; path = ../../JuceLibraryCode/include_juce_data_structures.mm; sourceTree = SOURCE_ROOT; };
		FDDE5478A18234A2447248AC /* juce_graphics */ /* juce_graphics */ = {isa = PBXFileReference; lastKnownFileType = folder; name = juce_graphics; path = /Users/user/Documents/JUCE/modules/juce_graphics; sourceTree = "<absolute>"; };
		FF79C01CD523A17FD4F09830 /* DiscRecording.framework */ /* DiscRecording.framework */ = {isa = PBXFileReference; lastKnownFileType = wrapper.framework; name = DiscRecording.framework; path = System/Library/Frameworks/DiscRecording.framework; sourceTree = SDKROOT; };
/* End PBXFileReference section */

/* Begin PBXFrameworksBuildPhase section */
		ED3A51F7D39081CC9AE6F750 = {
			isa = PBXFrameworksBuildPhase;
			buildActionMask = 2147483647;
			files = (
				0E11BD9C02C1F7A42A2148F2,
				2716690BE30DEA81C85341F9,
				1316D432D110D37286586000,
				F6020A6835D98FEBF39CACBF,
				F0FA4F56F8BEFB31C7062E5E,
				6DF56E4235AFDA6B47F1F05D,
				60A66D252BE68CCBBEB88D4B,
				9398183407AC7C65E42C42A4,
				9BAE2A7AB23488A6E6B88A35,
				F1EEAE7E0D6586DC262AE224,
				8F5DD3F231696949A24D304B,
				30EF6896F9029E1AE90A3F13,
			);
			runOnlyForDeploymentPostprocessing = 0;
		};
/* End PBXFrameworksBuildPhase section */

/* Begin PBXGroup section */
		0188884ECCB8921F1D463D22 /* Resources */ = {
			isa = PBXGroup;
			children = (
				42C57B993EA3BE0E341C4CE3,
				072FE587E2186CCD50DDCC6A,
			);
			name = Resources;
			sourceTree = "<group>";
		};
		08C1AAAC990B38EDC0B57ACA /* JUCE Modules */ = {
			isa = PBXGroup;
			children = (
				5CE5559142C04B27F06234C7,
				5110DF9E6FC24B8FB1C24736,
				66BEDCB0EB3BEC01D6E5D2D3,
				0E3180EBC7ED0CE3BB5BDDF6,
				37226CE8C22DA5918111EC21,
				B8EE7182D7751464A1A4459D,
				5D9690DA8F7310D8F725F0A4,
				C7A0086E81393F761C0EB673,
				E3B4640E4FF703C16055D733,
				FDDE5478A18234A2447248AC,
				5DA908BA0685F35BD8249CCD,
				DAE12F56720FD06625E25A5C,
			);
			name = "JUCE Modules";
			sourceTree = "<group>";
		};
		184EA801BDC03226CB577915 /* Frameworks */ = {
			isa = PBXGroup;
			children = (
				BEEEA62E79B4A63AE8DB3DC9,
				DC766FEA3A064237435F7EEC,
				3BD80E02D614828B093AD898,
				CBA5CD95CEEE072C4DCEA7DA,
				D5418C414143D1605F91864C,
				2775F1647C849EDAFE1DF398,
				C358AE21FEDF8DBC63919EC0,
				FF79C01CD523A17FD4F09830,
				DFD677C42FF170F1BFDE9742,
				7D67CABD3DF1BD0E7EA3D5A5,
				EEB1ECC4F96CEB233ACFBD34,
				1E96B23227ACC596637A27A5,
			);
			name = Frameworks;
			sourceTree = "<group>";
		};
		51D703B3C9510BF26F0CE0F3 /* Source */ = {
			isa = PBXGroup;
			children = (
				FB25C6146AB64E80ABC8B610,
				08C1AAAC990B38EDC0B57ACA,
				D0B52EA695CD7A74D91904DC,
				0188884ECCB8921F1D463D22,
				184EA801BDC03226CB577915,
				89DDD1B0EA100CB31A7CC411,
			);
			name = Source;
			sourceTree = "<group>";
		};
		89DDD1B0EA100CB31A7CC411 /* Products */ = {
			isa = PBXGroup;
			children = (
				6E1DCEAE58007F7606B1018B,
			);
			name = Products;
			sourceTree = "<group>";
		};
		BCAC6E4C306CBB2DDA5E877F /* Source */ = {
			isa = PBXGroup;
			children = (
				246853B4E7B9ACFE2710FF8F,
				F7027F940A3544491C65B8DC,
				67017112144FE1EEFAD3F3BF,
				382140C3D870506F2ACDD5A2,
				1FF018AE0A5601C3628D0EF3,
				03640FCFD4B9B304111B6B4D,
				8CEB6D2CEE7DBCD4AEA5BDA7,
				5B09E1D51A57C28E79D57847,
				E9AE820A53B177492F97019E,
			);
			name = Source;
			sourceTree = "<group>";
		};
		D0B52EA695CD7A74D91904DC /* JUCE Library Code */ = {
			isa = PBXGroup;
			children = (
				9E7A0A5C741A77FB74233F5D,
				BB489FE17F526863BFC51171,
				409550BCFD1220CDD8CFA5E7,
				079A581F9FBAA12B7E2B54E1,
				AAED15A794E4A8E0FAD36BF3,
				2E335A42494601AE776C8CC9,
				651973017D685AE0EFB45B27,
				5216D794874AC84189033AB0,
				F76D9B12E147B13C00A069E8,
				0C1B113E5AAD33F5401105F2,
				68758D7A89B55E149088BF69,
				1608B7EB6C3DFD5FB74E373A,
				1D2BBD48CA1290A6F9C92611,
				E9CE2348B6E18B844FE31E31,
				C0309FC106CEEC10A521725C,
			);
			name = "JUCE Library Code";
			sourceTree = "<group>";
		};
		E9AFDD004F670777F84773FA /* Assets */ = {
			isa = PBXGroup;
			children = (
				F30DE2C1D0DD705B6CC7E2CF,
				A50170E142C314B6C63342D0,
			);
			name = Assets;
			sourceTree = "<group>";
		};
		FB25C6146AB64E80ABC8B610 /* AudioVisualiser */ = {
			isa = PBXGroup;
			children = (
				BCAC6E4C306CBB2DDA5E877F,
				E9AFDD004F670777F84773FA,
			);
			name = AudioVisualiser;
			sourceTree = "<group>";
		};
/* End PBXGroup section */

/* Begin PBXNativeTarget section */
		F9DC5E6CDDCC9521977BD317 /* AudioVisualiser - App */ = {
			isa = PBXNativeTarget;
			buildConfigurationList = 28F9F83500FD7B7D4C507CDA;
			buildPhases = (
				4E0C70BF9CE6FA1CFC4AB5C2,
				3E4EEDAE778DD3330E56D502,
				ED3A51F7D39081CC9AE6F750,
			);
			buildRules = (
			);
			dependencies = (
			);
			name = "AudioVisualiser - App";
			productName = AudioVisualiser;
			productReference = 6E1DCEAE58007F7606B1018B;
			productType = "com.apple.product-type.application";
		};
/* End PBXNativeTarget section */

/* Begin PBXProject section */
		70C0DA3C8BA158856E11F13C = {
			isa = PBXProject;
			attributes = {
				LastUpgradeCheck = 1300;
				ORGANIZATIONNAME = "Tom Carter";
				TargetAttributes = {
					F9DC5E6CDDCC9521977BD317 = {
						SystemCapabilities = {
							com.apple.ApplicationGroups.iOS = {
								enabled = 0;
							};
							com.apple.HardenedRuntime = {
								enabled = 0;
							};
							com.apple.InAppPurchase = {
								enabled = 0;
							};
							com.apple.InterAppAudio = {
								enabled = 0;
							};
							com.apple.Push = {
								enabled = 0;
							};
							com.apple.Sandbox = {
								enabled = 0;
							};
						};
					};
				};
			};
			buildConfigurationList = A069E2A9EC4143BFC7E79E40;
			compatibilityVersion = "Xcode 3.2";
			hasScannedForEncodings = 0;
			knownRegions = (
				en,
				Base,
			);
			mainGroup = 51D703B3C9510BF26F0CE0F3;
			projectDirPath = "";
			projectRoot = "";
			targets = (
				F9DC5E6CDDCC9521977BD317,
			);
		};
/* End PBXProject section */

/* Begin PBXResourcesBuildPhase section */
		4E0C70BF9CE6FA1CFC4AB5C2 = {
			isa = PBXResourcesBuildPhase;
			buildActionMask = 2147483647;
			files = (
				50DDFD326918EB265F061604,
			);
			runOnlyForDeploymentPostprocessing = 0;
		};
/* End PBXResourcesBuildPhase section */

/* Begin PBXSourcesBuildPhase section */
		3E4EEDAE778DD3330E56D502 = {
			isa = PBXSourcesBuildPhase;
			buildActionMask = 2147483647;
			files = (
				89FB67B08020419B20DB59F6,
				17DEBB160A49C1017F1B574C,
				DD8801427EC56C598BD39380,
				71E2019C2E2E0F7298EA7A45,
				EEFA27F143BB103D8FDB2B55,
				C029C180E620C0CCEC28A752,
				3A98C89527C8DD479822B948,
				FE0178DB474D2EFEF97C327D,
				5CBF206F1A112B90CA155AD9,
				AE3BEF87E24D724C84A710EC,
				D47A2843476773D975FD5B8C,
				EC91C2529643C4336A25821E,
				D3C761F7C047A5543631305A,
				BB1666261F0E1F7A86C4E92A,
				AE4DE0FC2AC114177556945C,
				15EC0E12B91A779E2C0402B7,
				2F8CD24DEA0F9C97D0887C2B,
				8A20696DD67A336E083A2D8F,
			);
			runOnlyForDeploymentPostprocessing = 0;
		};
/* End PBXSourcesBuildPhase section */

/* Begin XCBuildConfiguration section */
		35F0586B61C2AA23C54D0A4E /* Release */ = {
			isa = XCBuildConfiguration;
			buildSettings = {
				ALWAYS_SEARCH_USER_PATHS = NO;
				CLANG_ENABLE_OBJC_WEAK = YES;
				CLANG_WARN_BLOCK_CAPTURE_AUTORELEASING = YES;
				CLANG_WARN_BOOL_CONVERSION = YES;
				CLANG_WARN_COMMA = YES;
				CLANG_WARN_CONSTANT_CONVERSION = YES;
				CLANG_WARN_DEPRECATED_OBJC_IMPLEMENTATIONS = YES;
				CLANG_WARN_EMPTY_BODY = YES;
				CLANG_WARN_ENUM_CONVERSION = YES;
				CLANG_WARN_INFINITE_RECURSION = YES;
				CLANG_WARN_INT_CONVERSION = YES;
				CLANG_WARN_NON_LITERAL_NULL_CONVERSION = YES;
				CLANG_WARN_OBJC_IMPLICIT_RETAIN_SELF = YES;
				CLANG_WARN_OBJC_LITERAL_CONVERSION = YES;
				CLANG_WARN_RANGE_LOOP_ANALYSIS = YES;
				CLANG_WARN_STRICT_PROTOTYPES = YES;
				CLANG_WARN_SUSPICIOUS_MOVE = YES;
				CLANG_WARN_UNREACHABLE_CODE = YES;
				CLANG_WARN__DUPLICATE_METHOD_MATCH = YES;
				CODE_SIGN_IDENTITY = "";
				DEBUG_INFORMATION_FORMAT = dwarf;
				ENABLE_STRICT_OBJC_MSGSEND = YES;
				ENABLE_TESTABILITY = NO;
				GCC_C_LANGUAGE_STANDARD = c11;
				GCC_INLINES_ARE_PRIVATE_EXTERN = YES;
				GCC_MODEL_TUNING = G5;
				GCC_NO_COMMON_BLOCKS = YES;
				GCC_SYMBOLS_PRIVATE_EXTERN = YES;
				GCC_WARN_64_TO_32_BIT_CONVERSION = YES;
				GCC_WARN_ABOUT_RETURN_TYPE = YES;
				GCC_WARN_CHECK_SWITCH_STATEMENTS = YES;
				GCC_WARN_MISSING_PARENTHESES = YES;
				GCC_WARN_NON_VIRTUAL_DESTRUCTOR = YES;
				GCC_WARN_TYPECHECK_CALLS_TO_PRINTF = YES;
				GCC_WARN_UNDECLARED_SELECTOR = YES;
				GCC_WARN_UNINITIALIZED_AUTOS = YES;
				GCC_WARN_UNUSED_FUNCTION = YES;
				GCC_WARN_UNUSED_VARIABLE = YES;
				PRODUCT_NAME = "AudioVisualiser";
				SDKROOT = macosx;
				WARNING_CFLAGS = "-Wreorder";
				ZERO_LINK = NO;
			};
			name = Release;
		};
		38237EF08CB18719BA629F26 /* Release */ = {
			isa = XCBuildConfiguration;
			buildSettings = {
				CLANG_CXX_LANGUAGE_STANDARD = "c++14";
				CLANG_CXX_LIBRARY = "libc++";
				CLANG_LINK_OBJC_RUNTIME = NO;
				CODE_SIGN_IDENTITY = "";
				COMBINE_HIDPI_IMAGES = YES;
				CONFIGURATION_BUILD_DIR = "$(PROJECT_DIR)/build/$(CONFIGURATION)";
				DEAD_CODE_STRIPPING = YES;
				GCC_GENERATE_DEBUGGING_SYMBOLS = NO;
				GCC_OPTIMIZATION_LEVEL = 3;
				GCC_PREPROCESSOR_DEFINITIONS = (
					"_NDEBUG=1",
					"NDEBUG=1",
					"JUCE_DISPLAY_SPLASH_SCREEN=1",
					"JUCE_USE_DARK_SPLASH_SCREEN=1",
					"JUCE_PROJUCER_VERSION=0x60102",
					"JUCE_MODULE_AVAILABLE_juce_audio_basics=1",
					"JUCE_MODULE_AVAILABLE_juce_audio_devices=1",
					"JUCE_MODULE_AVAILABLE_juce_audio_formats=1",
					"JUCE_MODULE_AVAILABLE_juce_audio_processors=1",
					"JUCE_MODULE_AVAILABLE_juce_audio_utils=1",
					"JUCE_MODULE_AVAILABLE_juce_core=1",
					"JUCE_MODULE_AVAILABLE_juce_data_structures=1",
					"JUCE_MODULE_AVAILABLE_juce_dsp=1",
					"JUCE_MODULE_AVAILABLE_juce_events=1",
					"JUCE_MODULE_AVAILABLE_juce_graphics=1",
					"JUCE_MODULE_AVAILABLE_juce_gui_basics=1",
					"JUCE_MODULE_AVAILABLE_juce_gui_extra=1",
					"JUCE_GLOBAL_MODULE_SETTINGS_INCLUDED=1",
					"JUCE_STANDALONE_APPLICATION=1",
					"JUCER_XCODE_MAC_F6D2F4CF=1",
					"JUCE_APP_VERSION=1.0.0",
					"JUCE_APP_VERSION_HEX=0x10000",
					"JucePlugin_Build_VST=0",
					"JucePlugin_Build_VST3=0",
					"JucePlugin_Build_AU=0",
					"JucePlugin_Build_AUv3=0",
					"JucePlugin_Build_RTAS=0",
					"JucePlugin_Build_AAX=0",
					"JucePlugin_Build_Standalone=0",
					"JucePlugin_Build_Unity=0",
				);
				GCC_VERSION = com.apple.compilers.llvm.clang.1_0;
				HEADER_SEARCH_PATHS = (
					"$(SRCROOT)/../../JuceLibraryCode",
					"/Users/user/Documents/JUCE/modules",
					"$(inherited)",
				);
				INFOPLIST_FILE = Info-App.plist;
				INFOPLIST_PREPROCESS = NO;
				INSTALL_PATH = "$(HOME)/Applications";
				LLVM_LTO = YES;
				MACOSX_DEPLOYMENT_TARGET = 10.11;
				MTL_HEADER_SEARCH_PATHS = "$(SRCROOT)/../../JuceLibraryCode /Users/user/Documents/JUCE/modules";
				PRODUCT_BUNDLE_IDENTIFIER = com.TomCarter.AudioVisualiser;
				PRODUCT_NAME = "AudioVisualiser";
				USE_HEADERMAP = NO;
				VALID_ARCHS = "i386 x86_64 arm64 arm64e";
			};
			name = Release;
		};
		9D128DECF624E0B44402DD12 /* Debug */ = {
			isa = XCBuildConfiguration;
			buildSettings = {
				CLANG_CXX_LANGUAGE_STANDARD = "c++14";
				CLANG_CXX_LIBRARY = "libc++";
				CLANG_LINK_OBJC_RUNTIME = NO;
				CODE_SIGN_IDENTITY = "";
				COMBINE_HIDPI_IMAGES = YES;
				CONFIGURATION_BUILD_DIR = "$(PROJECT_DIR)/build/$(CONFIGURATION)";
				COPY_PHASE_STRIP = NO;
				GCC_DYNAMIC_NO_PIC = NO;
				GCC_OPTIMIZATION_LEVEL = 0;
				GCC_PREPROCESSOR_DEFINITIONS = (
					"_DEBUG=1",
					"DEBUG=1",
					"JUCE_DISPLAY_SPLASH_SCREEN=1",
					"JUCE_USE_DARK_SPLASH_SCREEN=1",
					"JUCE_PROJUCER_VERSION=0x60102",
					"JUCE_MODULE_AVAILABLE_juce_audio_basics=1",
					"JUCE_MODULE_AVAILABLE_juce_audio_devices=1",
					"JUCE_MODULE_AVAILABLE_juce_audio_formats=1",
					"JUCE_MODULE_AVAILABLE_juce_audio_processors=1",
					"JUCE_MODULE_AVAILABLE_juce_audio_utils=1",
					"JUCE_MODULE_AVAILABLE_juce_core=1",
					"JUCE_MODULE_AVAILABLE_juce_data_structures=1",
					"JUCE_MODULE_AVAILABLE_juce_dsp=1",
					"JUCE_MODULE_AVAILABLE_juce_events=1",
					"JUCE_MODULE_AVAILABLE_juce_graphics=1",
					"JUCE_MODULE_AVAILABLE_juce_gui_basics=1",
					"JUCE_MODULE_AVAILABLE_juce_gui_extra=1",
					"JUCE_GLOBAL_MODULE_SETTINGS_INCLUDED=1",
					"JUCE_STANDALONE_APPLICATION=1",
					"JUCER_XCODE_MAC_F6D2F4CF=1",
					"JUCE_APP_VERSION=1.0.0",
					"JUCE_APP_VERSION_HEX=0x10000",
					"JucePlugin_Build_VST=0",
					"JucePlugin_Build_VST3=0",
					"JucePlugin_Build_AU=0",
					"JucePlugin_Build_AUv3=0",
					"JucePlugin_Build_RTAS=0",
					"JucePlugin_Build_AAX=0",
					"JucePlugin_Build_Standalone=0",
					"JucePlugin_Build_Unity=0",
				);
				GCC_VERSION = com.apple.compilers.llvm.clang.1_0;
				HEADER_SEARCH_PATHS = (
					"$(SRCROOT)/../../JuceLibraryCode",
					"/Users/user/Documents/JUCE/modules",
					"$(inherited)",
				);
				INFOPLIST_FILE = Info-App.plist;
				INFOPLIST_PREPROCESS = NO;
				INSTALL_PATH = "$(HOME)/Applications";
				MACOSX_DEPLOYMENT_TARGET = 10.11;
				MTL_HEADER_SEARCH_PATHS = "$(SRCROOT)/../../JuceLibraryCode /Users/user/Documents/JUCE/modules";
				PRODUCT_BUNDLE_IDENTIFIER = com.TomCarter.AudioVisualiser;
				PRODUCT_NAME = "AudioVisualiser";
				USE_HEADERMAP = NO;
				VALID_ARCHS = "i386 x86_64 arm64 arm64e";
			};
			name = Debug;
		};
		BFBDD9FA488F74AA1FFB7774 /* Debug */ = {
			isa = XCBuildConfiguration;
			buildSettings = {
				ALWAYS_SEARCH_USER_PATHS = NO;
				CLANG_ENABLE_OBJC_WEAK = YES;
				CLANG_WARN_BLOCK_CAPTURE_AUTORELEASING = YES;
				CLANG_WARN_BOOL_CONVERSION = YES;
				CLANG_WARN_COMMA = YES;
				CLANG_WARN_CONSTANT_CONVERSION = YES;
				CLANG_WARN_DEPRECATED_OBJC_IMPLEMENTATIONS = YES;
				CLANG_WARN_EMPTY_BODY = YES;
				CLANG_WARN_ENUM_CONVERSION = YES;
				CLANG_WARN_INFINITE_RECURSION = YES;
				CLANG_WARN_INT_CONVERSION = YES;
				CLANG_WARN_NON_LITERAL_NULL_CONVERSION = YES;
				CLANG_WARN_OBJC_IMPLICIT_RETAIN_SELF = YES;
				CLANG_WARN_OBJC_LITERAL_CONVERSION = YES;
				CLANG_WARN_RANGE_LOOP_ANALYSIS = YES;
				CLANG_WARN_STRICT_PROTOTYPES = YES;
				CLANG_WARN_SUSPICIOUS_MOVE = YES;
				CLANG_WARN_UNREACHABLE_CODE = YES;
				CLANG_WARN__DUPLICATE_METHOD_MATCH = YES;
				CODE_SIGN_IDENTITY = "";
				DEBUG_INFORMATION_FORMAT = dwarf;
				ENABLE_STRICT_OBJC_MSGSEND = YES;
				ENABLE_TESTABILITY = NO;
				GCC_C_LANGUAGE_STANDARD = c11;
				GCC_INLINES_ARE_PRIVATE_EXTERN = YES;
				GCC_MODEL_TUNING = G5;
				GCC_NO_COMMON_BLOCKS = YES;
				GCC_SYMBOLS_PRIVATE_EXTERN = YES;
				GCC_WARN_64_TO_32_BIT_CONVERSION = YES;
				GCC_WARN_ABOUT_RETURN_TYPE = YES;
				GCC_WARN_CHECK_SWITCH_STATEMENTS = YES;
				GCC_WARN_MISSING_PARENTHESES = YES;
				GCC_WARN_NON_VIRTUAL_DESTRUCTOR = YES;
				GCC_WARN_TYPECHECK_CALLS_TO_PRINTF = YES;
				GCC_WARN_UNDECLARED_SELECTOR = YES;
				GCC_WARN_UNINITIALIZED_AUTOS = YES;
				GCC_WARN_UNUSED_FUNCTION = YES;
				GCC_WARN_UNUSED_VARIABLE = YES;
				ONLY_ACTIVE_ARCH = YES;
				PRODUCT_NAME = "AudioVisualiser";
				SDKROOT = macosx;
				WARNING_CFLAGS = "-Wreorder";
				ZERO_LINK = NO;
			};
			name = Debug;
		};
/* End XCBuildConfiguration section */

/* Begin XCConfigurationList section */
		28F9F83500FD7B7D4C507CDA = {
			isa = XCConfigurationList;
			buildConfigurations = (
				9D128DECF624E0B44402DD12,
				38237EF08CB18719BA629F26,
			);
			defaultConfigurationIsVisible = 0;
			defaultConfigurationName = Debug;
		};
		A069E2A9EC4143BFC7E79E40 = {
			isa = XCConfigurationList;
			buildConfigurations = (
				35F0586B61C2AA23C54D0A4E,
				BFBDD9FA488F74AA1FFB7774,
			);
			defaultConfigurationIsVisible = 0;
			defaultConfigurationName = Debug;
		};
/* End XCConfigurationList section */
	};
	rootObject = 70C0DA3C8BA158856E11F13C /* Project object */;
}
